
Microsoft Visual Studio Solution File, Format Version 12.00
# Visual Studio Version 16
VisualStudioVersion = 16.0.31729.503
MinimumVisualStudioVersion = 10.0.40219.1
Project("{FAE04EC0-301F-11D3-BF4B-00C04F79EFBC}") = "A3", "A3\A3.csproj", "{278EA6CD-6F68-4DF4-930E-CFFB3A62A2C7}"
EndProject
Global
	GlobalSection(SolutionConfigurationPlatforms) = preSolution
		Debug|Any CPU = Debug|Any CPU
		Release|Any CPU = Release|Any CPU
	EndGlobalSection
	GlobalSection(ProjectConfigurationPlatforms) = postSolution
		{278EA6CD-6F68-4DF4-930E-CFFB3A62A2C7}.Debug|Any CPU.ActiveCfg = Debug|Any CPU
		{278EA6CD-6F68-4DF4-930E-CFFB3A62A2C7}.Debug|Any CPU.Build.0 = Debug|Any CPU
		{278EA6CD-6F68-4DF4-930E-CFFB3A62A2C7}.Release|Any CPU.ActiveCfg = Release|Any CPU
		{278EA6CD-6F68-4DF4-930E-CFFB3A62A2C7}.Release|Any CPU.Build.0 = Release|Any CPU
	EndGlobalSection
	GlobalSection(SolutionProperties) = preSolution
		HideSolutionNode = FALSE
	EndGlobalSection
	GlobalSection(ExtensibilityGlobals) = postSolution
		SolutionGuid = {9D42E749-CB9C-462A-91D7-25725FEA0636}
	EndGlobalSection
EndGlobal
